// !$*UTF8*$!
{
	archiveVersion = 1;
	classes = {
	};
	objectVersion = 46;
	objects = {

/* Begin PBXBuildFile section */
		C66B726E1E50021000AC8D54 /* AppDelegate.swift in Sources */ = {isa = PBXBuildFile; fileRef = C66B726D1E50021000AC8D54 /* AppDelegate.swift */; };
		C66B72701E50021000AC8D54 /* GameScene.sks in Resources */ = {isa = PBXBuildFile; fileRef = C66B726F1E50021000AC8D54 /* GameScene.sks */; };
		C66B72721E50021000AC8D54 /* Actions.sks in Resources */ = {isa = PBXBuildFile; fileRef = C66B72711E50021000AC8D54 /* Actions.sks */; };
		C66B72741E50021000AC8D54 /* GameScene.swift in Sources */ = {isa = PBXBuildFile; fileRef = C66B72731E50021000AC8D54 /* GameScene.swift */; };
		C66B72761E50021000AC8D54 /* GameViewController.swift in Sources */ = {isa = PBXBuildFile; fileRef = C66B72751E50021000AC8D54 /* GameViewController.swift */; };
		C66B72791E50021000AC8D54 /* Main.storyboard in Resources */ = {isa = PBXBuildFile; fileRef = C66B72771E50021000AC8D54 /* Main.storyboard */; };
		C66B727B1E50021000AC8D54 /* Assets.xcassets in Resources */ = {isa = PBXBuildFile; fileRef = C66B727A1E50021000AC8D54 /* Assets.xcassets */; };
		C66B727E1E50021000AC8D54 /* LaunchScreen.storyboard in Resources */ = {isa = PBXBuildFile; fileRef = C66B727C1E50021000AC8D54 /* LaunchScreen.storyboard */; };
		C66B72891E50102F00AC8D54 /* shader_water_movement.fsh in Resources */ = {isa = PBXBuildFile; fileRef = C66B72871E50102F00AC8D54 /* shader_water_movement.fsh */; };
		C66B728A1E50102F00AC8D54 /* shader_water_reflection.fsh in Resources */ = {isa = PBXBuildFile; fileRef = C66B72881E50102F00AC8D54 /* shader_water_reflection.fsh */; };
/* End PBXBuildFile section */

/* Begin PBXFileReference section */
		C66B726A1E50021000AC8D54 /* SpriteShader.app */ = {isa = PBXFileReference; explicitFileType = wrapper.application; includeInIndex = 0; path = SpriteShader.app; sourceTree = BUILT_PRODUCTS_DIR; };
		C66B726D1E50021000AC8D54 /* AppDelegate.swift */ = {isa = PBXFileReference; lastKnownFileType = sourcecode.swift; path = AppDelegate.swift; sourceTree = "<group>"; };
		C66B726F1E50021000AC8D54 /* GameScene.sks */ = {isa = PBXFileReference; lastKnownFileType = file.sks; path = GameScene.sks; sourceTree = "<group>"; };
		C66B72711E50021000AC8D54 /* Actions.sks */ = {isa = PBXFileReference; lastKnownFileType = file.sks; path = Actions.sks; sourceTree = "<group>"; };
		C66B72731E50021000AC8D54 /* GameScene.swift */ = {isa = PBXFileReference; lastKnownFileType = sourcecode.swift; path = GameScene.swift; sourceTree = "<group>"; };
		C66B72751E50021000AC8D54 /* GameViewController.swift */ = {isa = PBXFileReference; lastKnownFileType = sourcecode.swift; path = GameViewController.swift; sourceTree = "<group>"; };
		C66B72781E50021000AC8D54 /* Base */ = {isa = PBXFileReference; lastKnownFileType = file.storyboard; name = Base; path = Base.lproj/Main.storyboard; sourceTree = "<group>"; };
		C66B727A1E50021000AC8D54 /* Assets.xcassets */ = {isa = PBXFileReference; lastKnownFileType = folder.assetcatalog; path = Assets.xcassets; sourceTree = "<group>"; };
		C66B727D1E50021000AC8D54 /* Base */ = {isa = PBXFileReference; lastKnownFileType = file.storyboard; name = Base; path = Base.lproj/LaunchScreen.storyboard; sourceTree = "<group>"; };
		C66B727F1E50021000AC8D54 /* Info.plist */ = {isa = PBXFileReference; lastKnownFileType = text.plist.xml; path = Info.plist; sourceTree = "<group>"; };
		C66B72871E50102F00AC8D54 /* shader_water_movement.fsh */ = {isa = PBXFileReference; fileEncoding = 4; lastKnownFileType = sourcecode.glsl; path = shader_water_movement.fsh; sourceTree = "<group>"; };
		C66B72881E50102F00AC8D54 /* shader_water_reflection.fsh */ = {isa = PBXFileReference; fileEncoding = 4; lastKnownFileType = sourcecode.glsl; path = shader_water_reflection.fsh; sourceTree = "<group>"; };
/* End PBXFileReference section */

/* Begin PBXFrameworksBuildPhase section */
		C66B72671E50021000AC8D54 /* Frameworks */ = {
			isa = PBXFrameworksBuildPhase;
			buildActionMask = 2147483647;
			files = (
			);
			runOnlyForDeploymentPostprocessing = 0;
		};
/* End PBXFrameworksBuildPhase section */

/* Begin PBXGroup section */
		C66B72611E50021000AC8D54 = {
			isa = PBXGroup;
			children = (
				C66B726C1E50021000AC8D54 /* SpriteShader */,
				C66B726B1E50021000AC8D54 /* Products */,
			);
			sourceTree = "<group>";
		};
		C66B726B1E50021000AC8D54 /* Products */ = {
			isa = PBXGroup;
			children = (
				C66B726A1E50021000AC8D54 /* SpriteShader.app */,
			);
			name = Products;
			sourceTree = "<group>";
		};
		C66B726C1E50021000AC8D54 /* SpriteShader */ = {
			isa = PBXGroup;
			children = (
				C66B728D1E5019C700AC8D54 /* Resources */,
				C66B728E1E5019CD00AC8D54 /* Scene */,
				C66B728B1E5019A700AC8D54 /* SupportingFiles */,
				C66B728C1E5019B500AC8D54 /* ViewControllers */,
			);
			path = SpriteShader;
			sourceTree = "<group>";
		};
		C66B728B1E5019A700AC8D54 /* SupportingFiles */ = {
			isa = PBXGroup;
			children = (
				C66B726D1E50021000AC8D54 /* AppDelegate.swift */,
				C66B727F1E50021000AC8D54 /* Info.plist */,
			);
			name = SupportingFiles;
			sourceTree = "<group>";
		};
		C66B728C1E5019B500AC8D54 /* ViewControllers */ = {
			isa = PBXGroup;
			children = (
				C66B727C1E50021000AC8D54 /* LaunchScreen.storyboard */,
				C66B72751E50021000AC8D54 /* GameViewController.swift */,
				C66B72771E50021000AC8D54 /* Main.storyboard */,
			);
			name = ViewControllers;
			sourceTree = "<group>";
		};
		C66B728D1E5019C700AC8D54 /* Resources */ = {
			isa = PBXGroup;
			children = (
				C66B727A1E50021000AC8D54 /* Assets.xcassets */,
			);
			name = Resources;
			sourceTree = "<group>";
		};
		C66B728E1E5019CD00AC8D54 /* Scene */ = {
			isa = PBXGroup;
			children = (
				C66B726F1E50021000AC8D54 /* GameScene.sks */,
				C66B72711E50021000AC8D54 /* Actions.sks */,
				C66B72731E50021000AC8D54 /* GameScene.swift */,
				C66B72871E50102F00AC8D54 /* shader_water_movement.fsh */,
				C66B72881E50102F00AC8D54 /* shader_water_reflection.fsh */,
			);
			name = Scene;
			sourceTree = "<group>";
		};
/* End PBXGroup section */

/* Begin PBXNativeTarget section */
		C66B72691E50021000AC8D54 /* SpriteShader */ = {
			isa = PBXNativeTarget;
			buildConfigurationList = C66B72821E50021000AC8D54 /* Build configuration list for PBXNativeTarget "SpriteShader" */;
			buildPhases = (
				C66B72661E50021000AC8D54 /* Sources */,
				C66B72671E50021000AC8D54 /* Frameworks */,
				C66B72681E50021000AC8D54 /* Resources */,
			);
			buildRules = (
			);
			dependencies = (
			);
			name = SpriteShader;
			productName = SpriteShader;
			productReference = C66B726A1E50021000AC8D54 /* SpriteShader.app */;
			productType = "com.apple.product-type.application";
		};
/* End PBXNativeTarget section */

/* Begin PBXProject section */
		C66B72621E50021000AC8D54 /* Project object */ = {
			isa = PBXProject;
			attributes = {
				LastSwiftUpdateCheck = 0830;
				LastUpgradeCheck = 0830;
				ORGANIZATIONNAME = "Zakk Hoyt";
				TargetAttributes = {
					C66B72691E50021000AC8D54 = {
						CreatedOnToolsVersion = 8.3;
						DevelopmentTeam = J7U74N85YF;
						ProvisioningStyle = Automatic;
					};
				};
			};
			buildConfigurationList = C66B72651E50021000AC8D54 /* Build configuration list for PBXProject "SpriteShader" */;
			compatibilityVersion = "Xcode 3.2";
			developmentRegion = English;
			hasScannedForEncodings = 0;
			knownRegions = (
				en,
				Base,
			);
			mainGroup = C66B72611E50021000AC8D54;
			productRefGroup = C66B726B1E50021000AC8D54 /* Products */;
			projectDirPath = "";
			projectRoot = "";
			targets = (
				C66B72691E50021000AC8D54 /* SpriteShader */,
			);
		};
/* End PBXProject section */

/* Begin PBXResourcesBuildPhase section */
		C66B72681E50021000AC8D54 /* Resources */ = {
			isa = PBXResourcesBuildPhase;
			buildActionMask = 2147483647;
			files = (
				C66B72791E50021000AC8D54 /* Main.storyboard in Resources */,
				C66B72701E50021000AC8D54 /* GameScene.sks in Resources */,
				C66B727B1E50021000AC8D54 /* Assets.xcassets in Resources */,
				C66B727E1E50021000AC8D54 /* LaunchScreen.storyboard in Resources */,
				C66B728A1E50102F00AC8D54 /* shader_water_reflection.fsh in Resources */,
				C66B72721E50021000AC8D54 /* Actions.sks in Resources */,
				C66B72891E50102F00AC8D54 /* shader_water_movement.fsh in Resources */,
			);
			runOnlyForDeploymentPostprocessing = 0;
		};
/* End PBXResourcesBuildPhase section */

/* Begin PBXSourcesBuildPhase section */
		C66B72661E50021000AC8D54 /* Sources */ = {
			isa = PBXSourcesBuildPhase;
			buildActionMask = 2147483647;
			files = (
				C66B72741E50021000AC8D54 /* GameScene.swift in Sources */,
				C66B72761E50021000AC8D54 /* GameViewController.swift in Sources */,
				C66B726E1E50021000AC8D54 /* AppDelegate.swift in Sources */,
			);
			runOnlyForDeploymentPostprocessing = 0;
		};
/* End PBXSourcesBuildPhase section */

/* Begin PBXVariantGroup section */
		C66B72771E50021000AC8D54 /* Main.storyboard */ = {
			isa = PBXVariantGroup;
			children = (
				C66B72781E50021000AC8D54 /* Base */,
			);
			name = Main.storyboard;
			sourceTree = "<group>";
		};
		C66B727C1E50021000AC8D54 /* LaunchScreen.storyboard */ = {
			isa = PBXVariantGroup;
			children = (
				C66B727D1E50021000AC8D54 /* Base */,
			);
			name = LaunchScreen.storyboard;
			sourceTree = "<group>";
		};
/* End PBXVariantGroup section */

/* Begin XCBuildConfiguration section */
		C66B72801E50021000AC8D54 /* Debug */ = {
			isa = XCBuildConfiguration;
			buildSettings = {
				ALWAYS_SEARCH_USER_PATHS = NO;
				CLANG_ANALYZER_NONNULL = YES;
				CLANG_ANALYZER_NUMBER_OBJECT_CONVERSION = YES_AGGRESSIVE;
				CLANG_CXX_LANGUAGE_STANDARD = "gnu++0x";
				CLANG_CXX_LIBRARY = "libc++";
				CLANG_ENABLE_MODULES = YES;
				CLANG_ENABLE_OBJC_ARC = YES;
				CLANG_WARN_BOOL_CONVERSION = YES;
				CLANG_WARN_CONSTANT_CONVERSION = YES;
				CLANG_WARN_DIRECT_OBJC_ISA_USAGE = YES_ERROR;
				CLANG_WARN_DOCUMENTATION_COMMENTS = YES;
				CLANG_WARN_EMPTY_BODY = YES;
				CLANG_WARN_ENUM_CONVERSION = YES;
				CLANG_WARN_INFINITE_RECURSION = YES;
				CLANG_WARN_INT_CONVERSION = YES;
				CLANG_WARN_OBJC_ROOT_CLASS = YES_ERROR;
				CLANG_WARN_SUSPICIOUS_MOVE = YES;
				CLANG_WARN_UNREACHABLE_CODE = YES;
				CLANG_WARN__DUPLICATE_METHOD_MATCH = YES;
				"CODE_SIGN_IDENTITY[sdk=iphoneos*]" = "iPhone Developer";
				COPY_PHASE_STRIP = NO;
				DEBUG_INFORMATION_FORMAT = dwarf;
				ENABLE_STRICT_OBJC_MSGSEND = YES;
				ENABLE_TESTABILITY = YES;
				GCC_C_LANGUAGE_STANDARD = gnu99;
				GCC_DYNAMIC_NO_PIC = NO;
				GCC_NO_COMMON_BLOCKS = YES;
				GCC_OPTIMIZATION_LEVEL = 0;
				GCC_PREPROCESSOR_DEFINITIONS = (
					"DEBUG=1",
					"$(inherited)",
				);
				GCC_WARN_64_TO_32_BIT_CONVERSION = YES;
				GCC_WARN_ABOUT_RETURN_TYPE = YES_ERROR;
				GCC_WARN_UNDECLARED_SELECTOR = YES;
				GCC_WARN_UNINITIALIZED_AUTOS = YES_AGGRESSIVE;
				GCC_WARN_UNUSED_FUNCTION = YES;
				GCC_WARN_UNUSED_VARIABLE = YES;
				IPHONEOS_DEPLOYMENT_TARGET = 10.3;
				MTL_ENABLE_DEBUG_INFO = YES;
				ONLY_ACTIVE_ARCH = YES;
				SDKROOT = iphoneos;
				SWIFT_ACTIVE_COMPILATION_CONDITIONS = DEBUG;
				SWIFT_OPTIMIZATION_LEVEL = "-Onone";
				TARGETED_DEVICE_FAMILY = "1,2";
			};
			name = Debug;
		};
		C66B72811E50021000AC8D54 /* Release */ = {
			isa = XCBuildConfiguration;
			buildSettings = {
				ALWAYS_SEARCH_USER_PATHS = NO;
				CLANG_ANALYZER_NONNULL = YES;
				CLANG_ANALYZER_NUMBER_OBJECT_CONVERSION = YES_AGGRESSIVE;
				CLANG_CXX_LANGUAGE_STANDARD = "gnu++0x";
				CLANG_CXX_LIBRARY = "libc++";
				CLANG_ENABLE_MODULES = YES;
				CLANG_ENABLE_OBJC_ARC = YES;
				CLANG_WARN_BOOL_CONVERSION = YES;
				CLANG_WARN_CONSTANT_CONVERSION = YES;
				CLANG_WARN_DIRECT_OBJC_ISA_USAGE = YES_ERROR;
				CLANG_WARN_DOCUMENTATION_COMMENTS = YES;
				CLANG_WARN_EMPTY_BODY = YES;
				CLANG_WARN_ENUM_CONVERSION = YES;
				CLANG_WARN_INFINITE_RECURSION = YES;
				CLANG_WARN_INT_CONVERSION = YES;
				CLANG_WARN_OBJC_ROOT_CLASS = YES_ERROR;
				CLANG_WARN_SUSPICIOUS_MOVE = YES;
				CLANG_WARN_UNREACHABLE_CODE = YES;
				CLANG_WARN__DUPLICATE_METHOD_MATCH = YES;
				"CODE_SIGN_IDENTITY[sdk=iphoneos*]" = "iPhone Developer";
				COPY_PHASE_STRIP = NO;
				DEBUG_INFORMATION_FORMAT = "dwarf-with-dsym";
				ENABLE_NS_ASSERTIONS = NO;
				ENABLE_STRICT_OBJC_MSGSEND = YES;
				GCC_C_LANGUAGE_STANDARD = gnu99;
				GCC_NO_COMMON_BLOCKS = YES;
				GCC_WARN_64_TO_32_BIT_CONVERSION = YES;
				GCC_WARN_ABOUT_RETURN_TYPE = YES_ERROR;
				GCC_WARN_UNDECLARED_SELECTOR = YES;
				GCC_WARN_UNINITIALIZED_AUTOS = YES_AGGRESSIVE;
				GCC_WARN_UNUSED_FUNCTION = YES;
				GCC_WARN_UNUSED_VARIABLE = YES;
				IPHONEOS_DEPLOYMENT_TARGET = 10.3;
				MTL_ENABLE_DEBUG_INFO = NO;
				SDKROOT = iphoneos;
				SWIFT_OPTIMIZATION_LEVEL = "-Owholemodule";
				TARGETED_DEVICE_FAMILY = "1,2";
				VALIDATE_PRODUCT = YES;
			};
			name = Release;
		};
		C66B72831E50021000AC8D54 /* Debug */ = {
			isa = XCBuildConfiguration;
			buildSettings = {
				ASSETCATALOG_COMPILER_APPICON_NAME = AppIcon;
				DEVELOPMENT_TEAM = J7U74N85YF;
				INFOPLIST_FILE = SpriteShader/Info.plist;
				LD_RUNPATH_SEARCH_PATHS = "$(inherited) @executable_path/Frameworks";
				PRODUCT_BUNDLE_IDENTIFIER = com.vaporwarewolf.SpriteShader;
				PRODUCT_NAME = "$(TARGET_NAME)";
				SWIFT_VERSION = 3.0;
				TARGETED_DEVICE_FAMILY = 1;
			};
			name = Debug;
		};
		C66B72841E50021000AC8D54 /* Release */ = {
			isa = XCBuildConfiguration;
			buildSettings = {
				ASSETCATALOG_COMPILER_APPICON_NAME = AppIcon;
				DEVELOPMENT_TEAM = J7U74N85YF;
				INFOPLIST_FILE = SpriteShader/Info.plist;
				LD_RUNPATH_SEARCH_PATHS = "$(inherited) @executable_path/Frameworks";
				PRODUCT_BUNDLE_IDENTIFIER = com.vaporwarewolf.SpriteShader;
				PRODUCT_NAME = "$(TARGET_NAME)";
				SWIFT_VERSION = 3.0;
				TARGETED_DEVICE_FAMILY = 1;
			};
			name = Release;
		};
/* End XCBuildConfiguration section */

/* Begin XCConfigurationList section */
		C66B72651E50021000AC8D54 /* Build configuration list for PBXProject "SpriteShader" */ = {
			isa = XCConfigurationList;
			buildConfigurations = (
				C66B72801E50021000AC8D54 /* Debug */,
				C66B72811E50021000AC8D54 /* Release */,
			);
			defaultConfigurationIsVisible = 0;
			defaultConfigurationName = Release;
		};
		C66B72821E50021000AC8D54 /* Build configuration list for PBXNativeTarget "SpriteShader" */ = {
			isa = XCConfigurationList;
			buildConfigurations = (
				C66B72831E50021000AC8D54 /* Debug */,
				C66B72841E50021000AC8D54 /* Release */,
			);
			defaultConfigurationIsVisible = 0;
		};
/* End XCConfigurationList section */
	};
	rootObject = C66B72621E50021000AC8D54 /* Project object */;
}
